{
  "originHash" : "49cc62404b6d060637a0704cdcfe019e3a61b6ed02615016afc11ddf1b994305",
  "pins" : [
    {
      "identity" : "swift-docc-plugin",
      "kind" : "remoteSourceControl",
      "location" : "https://github.com/swiftlang/swift-docc-plugin",
      "state" : {
        "revision" : "647c708be89f834fa6a6d4945442793a77ddf5b6",
        "version" : "1.5.0"
      }
    },
    {
      "identity" : "swift-docc-symbolkit",
      "kind" : "remoteSourceControl",
      "location" : "https://github.com/swiftlang/swift-docc-symbolkit",
      "state" : {
        "revision" : "b45d1f2ed151d057b54504d653e0da5552844e34",
        "version" : "1.0.0"
      }
    },
    {
      "identity" : "swift-embed",
      "kind" : "remoteSourceControl",
      "location" : "https://github.com/botforge-pro/swift-embed",
      "state" : {
        "revision" : "303c3b8ff91fbf1f679f351774d4a7dc5ab11528",
        "version" : "1.5.0"
      }
    },
    {
      "identity" : "yams",
      "kind" : "remoteSourceControl",
      "location" : "https://github.com/jpsim/Yams.git",
      "state" : {
        "revision" : "a27b21e0c81c5bf42049b897a62aaf387e80f279",
        "version" : "6.2.2"
      }
    }
  ],
  "version" : 3
}
